
Microsoft Visual Studio Solution File, Format Version 12.00
# Visual Studio Version 16
VisualStudioVersion = 16.0.30225.117
MinimumVisualStudioVersion = 10.0.40219.1
Project("{9A19103F-16F7-4668-BE54-9A1E7A4F7556}") = "MyLobbyAD", "MyLobbyAD\MyLobbyAD.csproj", "{67AD1146-352A-489A-A4D1-D4F750072882}"
EndProject
Project("{54435603-DBB4-11D2-8724-00A0C9A8B90C}") = "Setup", "Setup\Setup.vdproj", "{62248C8E-BA12-4725-9261-00F577DEA6E9}"
EndProject
Global
	GlobalSection(SolutionConfigurationPlatforms) = preSolution
		Debug|Any CPU = Debug|Any CPU
		Release|Any CPU = Release|Any CPU
	EndGlobalSection
	GlobalSection(ProjectConfigurationPlatforms) = postSolution
		{67AD1146-352A-489A-A4D1-D4F750072882}.Debug|Any CPU.ActiveCfg = Debug|Any CPU
		{67AD1146-352A-489A-A4D1-D4F750072882}.Debug|Any CPU.Build.0 = Debug|Any CPU
		{67AD1146-352A-489A-A4D1-D4F750072882}.Release|Any CPU.ActiveCfg = Release|Any CPU
		{67AD1146-352A-489A-A4D1-D4F750072882}.Release|Any CPU.Build.0 = Release|Any CPU
		{62248C8E-BA12-4725-9261-00F577DEA6E9}.Debug|Any CPU.ActiveCfg = Debug
		{62248C8E-BA12-4725-9261-00F577DEA6E9}.Release|Any CPU.ActiveCfg = Release
	EndGlobalSection
	GlobalSection(SolutionProperties) = preSolution
		HideSolutionNode = FALSE
	EndGlobalSection
	GlobalSection(ExtensibilityGlobals) = postSolution
		SolutionGuid = {7CD4EBE7-CD73-4C0E-A0F5-76E9C467385E}
	EndGlobalSection
EndGlobal
